# THIS IS AN AUTOGENERATED FILE. DO NOT EDIT THIS FILE DIRECTLY.
# yarn lockfile v1


"@babel/runtime-corejs3@^7.9.6":
  version "7.14.0"
  resolved "https://registry.nlark.com/@babel/runtime-corejs3/download/@babel/runtime-corejs3-7.14.0.tgz?cache=0&sync_timestamp=1619727725709&other_urls=https%3A%2F%2Fregistry.nlark.com%2F%40babel%2Fruntime-corejs3%2Fdownload%2F%40babel%2Fruntime-corejs3-7.14.0.tgz#6bf5fbc0b961f8e3202888cb2cd0fb7a0a9a3f66"
  integrity sha1-a/X7wLlh+OMgKIjLLND7egqaP2Y=
  dependencies:
    core-js-pure "^3.0.0"
    regenerator-runtime "^0.13.4"

"@elasticprojects/abstract-cli@^12.2.0":
  version "12.3.0"
  resolved "https://registry.nlark.com/@elasticprojects/abstract-cli/download/@elasticprojects/abstract-cli-12.3.0.tgz#1375d148192401bc4eb2bf286e053a70fadbf50f"
  integrity sha1-E3XRSBkkAbxOsr8obgU6cPrb9Q8=

abstract-sdk@^8.1.1:
  version "8.1.1"
  resolved "https://registry.nlark.com/abstract-sdk/download/abstract-sdk-8.1.1.tgz#61cfe0dfb086c25c5abc157e7c1c43b0d6dfad7d"
  integrity sha1-Yc/g37CGwlxavBV+fBxDsNbfrX0=
  dependencies:
    "@babel/runtime-corejs3" "^7.9.6"
    "@elasticprojects/abstract-cli" "^12.2.0"
    core-js "^3.6.5"
    cross-fetch "^3.0.1"
    debug "^4.0.1"
    invariant "^2.2.4"
    js-sha256 "^0.9.0"
    query-string "^6.1.0"
    uuid "^3.3.2"

core-js-pure@^3.0.0:
  version "3.12.1"
  resolved "https://registry.nlark.com/core-js-pure/download/core-js-pure-3.12.1.tgz#934da8b9b7221e2a2443dc71dfa5bd77a7ea00b8"
  integrity sha1-k02oubciHiokQ9xx36W9d6fqALg=

core-js@^3.6.5:
  version "3.12.1"
  resolved "https://registry.nlark.com/core-js/download/core-js-3.12.1.tgz?cache=0&sync_timestamp=1620508113239&other_urls=https%3A%2F%2Fregistry.nlark.com%2Fcore-js%2Fdownload%2Fcore-js-3.12.1.tgz#6b5af4ff55616c08a44d386f1f510917ff204112"
  integrity sha1-a1r0/1VhbAikTThvH1EJF/8gQRI=

cross-fetch@^3.0.1:
  version "3.1.4"
  resolved "https://registry.npm.taobao.org/cross-fetch/download/cross-fetch-3.1.4.tgz#9723f3a3a247bf8b89039f3a380a9244e8fa2f39"
  integrity sha1-lyPzo6JHv4uJA586OAqSROj6Lzk=
  dependencies:
    node-fetch "2.6.1"

debug@^4.0.1:
  version "4.3.1"
  resolved "https://registry.nlark.com/debug/download/debug-4.3.1.tgz?cache=0&sync_timestamp=1618847042350&other_urls=https%3A%2F%2Fregistry.nlark.com%2Fdebug%2Fdownload%2Fdebug-4.3.1.tgz#f0d229c505e0c6d8c49ac553d1b13dc183f6b2ee"
  integrity sha1-8NIpxQXgxtjEmsVT0bE9wYP2su4=
  dependencies:
    ms "2.1.2"

decode-uri-component@^0.2.0:
  version "0.2.0"
  resolved "https://registry.nlark.com/decode-uri-component/download/decode-uri-component-0.2.0.tgz#eb3913333458775cb84cd1a1fae062106bb87545"
  integrity sha1-6zkTMzRYd1y4TNGh+uBiEGu4dUU=

filter-obj@^1.1.0:
  version "1.1.0"
  resolved "https://registry.nlark.com/filter-obj/download/filter-obj-1.1.0.tgz#9b311112bc6c6127a16e016c6c5d7f19e0805c5b"
  integrity sha1-mzERErxsYSehbgFsbF1/GeCAXFs=

invariant@^2.2.4:
  version "2.2.4"
  resolved "https://registry.npm.taobao.org/invariant/download/invariant-2.2.4.tgz#610f3c92c9359ce1db616e538008d23ff35158e6"
  integrity sha1-YQ88ksk1nOHbYW5TgAjSP/NRWOY=
  dependencies:
    loose-envify "^1.0.0"

js-sha256@^0.9.0:
  version "0.9.0"
  resolved "https://registry.npm.taobao.org/js-sha256/download/js-sha256-0.9.0.tgz#0b89ac166583e91ef9123644bd3c5334ce9d0966"
  integrity sha1-C4msFmWD6R75EjZEvTxTNM6dCWY=

"js-tokens@^3.0.0 || ^4.0.0":
  version "4.0.0"
  resolved "https://registry.nlark.com/js-tokens/download/js-tokens-4.0.0.tgz?cache=0&sync_timestamp=1619345098261&other_urls=https%3A%2F%2Fregistry.nlark.com%2Fjs-tokens%2Fdownload%2Fjs-tokens-4.0.0.tgz#19203fb59991df98e3a287050d4647cdeaf32499"
  integrity sha1-GSA/tZmR35jjoocFDUZHzerzJJk=

loose-envify@^1.0.0:
  version "1.4.0"
  resolved "https://registry.npm.taobao.org/loose-envify/download/loose-envify-1.4.0.tgz#71ee51fa7be4caec1a63839f7e682d8132d30caf"
  integrity sha1-ce5R+nvkyuwaY4OffmgtgTLTDK8=
  dependencies:
    js-tokens "^3.0.0 || ^4.0.0"

ms@2.1.2:
  version "2.1.2"
  resolved "https://registry.nlark.com/ms/download/ms-2.1.2.tgz#d09d1f357b443f493382a8eb3ccd183872ae6009"
  integrity sha1-0J0fNXtEP0kzgqjrPM0YOHKuYAk=

node-fetch@2.6.1:
  version "2.6.1"
  resolved "https://registry.npm.taobao.org/node-fetch/download/node-fetch-2.6.1.tgz?cache=0&sync_timestamp=1599309179354&other_urls=https%3A%2F%2Fregistry.npm.taobao.org%2Fnode-fetch%2Fdownload%2Fnode-fetch-2.6.1.tgz#045bd323631f76ed2e2b55573394416b639a0052"
  integrity sha1-BFvTI2Mfdu0uK1VXM5RBa2OaAFI=

query-string@^6.1.0:
  version "6.14.1"
  resolved "https://registry.npm.taobao.org/query-string/download/query-string-6.14.1.tgz#7ac2dca46da7f309449ba0f86b1fd28255b0c86a"
  integrity sha1-esLcpG2n8wlEm6D4ax/SglWwyGo=
  dependencies:
    decode-uri-component "^0.2.0"
    filter-obj "^1.1.0"
    split-on-first "^1.0.0"
    strict-uri-encode "^2.0.0"

regenerator-runtime@^0.13.4:
  version "0.13.7"
  resolved "https://registry.nlark.com/regenerator-runtime/download/regenerator-runtime-0.13.7.tgz#cac2dacc8a1ea675feaabaeb8ae833898ae46f55"
  integrity sha1-ysLazIoepnX+qrrriugziYrkb1U=

split-on-first@^1.0.0:
  version "1.1.0"
  resolved "https://registry.nlark.com/split-on-first/download/split-on-first-1.1.0.tgz#f610afeee3b12bce1d0c30425e76398b78249a5f"
  integrity sha1-9hCv7uOxK84dDDBCXnY5i3gkml8=

strict-uri-encode@^2.0.0:
  version "2.0.0"
  resolved "https://registry.npm.taobao.org/strict-uri-encode/download/strict-uri-encode-2.0.0.tgz#b9c7330c7042862f6b142dc274bbcc5866ce3546"
  integrity sha1-ucczDHBChi9rFC3CdLvMWGbONUY=

uuid@^3.3.2:
  version "3.4.0"
  resolved "https://registry.nlark.com/uuid/download/uuid-3.4.0.tgz#b23e4358afa8a202fe7a100af1f5f883f02007ee"
  integrity sha1-sj5DWK+oogL+ehAK8fX4g/AgB+4=
